// !$*UTF8*$!
{
	archiveVersion = 1;
	classes = {
	};
	objectVersion = 46;
	objects = {

/* Begin PBXBuildFile section */
		3521A2BE1F2FEE99009101F8 /* MainMenu.sks in Resources */ = {isa = PBXBuildFile; fileRef = 3521A2BD1F2FEE99009101F8 /* MainMenu.sks */; };
		3521A2C01F2FEEA9009101F8 /* MainMenu.swift in Sources */ = {isa = PBXBuildFile; fileRef = 3521A2BF1F2FEEA9009101F8 /* MainMenu.swift */; };
		3568583E1F200DB6002C995C /* AppDelegate.swift in Sources */ = {isa = PBXBuildFile; fileRef = 3568583D1F200DB6002C995C /* AppDelegate.swift */; };
		356858401F200DB6002C995C /* GameScene.sks in Resources */ = {isa = PBXBuildFile; fileRef = 3568583F1F200DB6002C995C /* GameScene.sks */; };
		356858421F200DB6002C995C /* Actions.sks in Resources */ = {isa = PBXBuildFile; fileRef = 356858411F200DB6002C995C /* Actions.sks */; };
		356858441F200DB6002C995C /* GameScene.swift in Sources */ = {isa = PBXBuildFile; fileRef = 356858431F200DB6002C995C /* GameScene.swift */; };
		356858461F200DB6002C995C /* GameViewController.swift in Sources */ = {isa = PBXBuildFile; fileRef = 356858451F200DB6002C995C /* GameViewController.swift */; };
		356858491F200DB6002C995C /* Main.storyboard in Resources */ = {isa = PBXBuildFile; fileRef = 356858471F200DB6002C995C /* Main.storyboard */; };
		3568584B1F200DB6002C995C /* Assets.xcassets in Resources */ = {isa = PBXBuildFile; fileRef = 3568584A1F200DB6002C995C /* Assets.xcassets */; };
		3568584E1F200DB6002C995C /* LaunchScreen.storyboard in Resources */ = {isa = PBXBuildFile; fileRef = 3568584C1F200DB6002C995C /* LaunchScreen.storyboard */; };
		356858591F200DB6002C995C /* Path_BlockerTests.swift in Sources */ = {isa = PBXBuildFile; fileRef = 356858581F200DB6002C995C /* Path_BlockerTests.swift */; };
		356858641F200DB6002C995C /* Path_BlockerUITests.swift in Sources */ = {isa = PBXBuildFile; fileRef = 356858631F200DB6002C995C /* Path_BlockerUITests.swift */; };
		356858721F200E1E002C995C /* CreateMaze.swift in Sources */ = {isa = PBXBuildFile; fileRef = 356858711F200E1E002C995C /* CreateMaze.swift */; };
		356858741F200F57002C995C /* CreateGrid.swift in Sources */ = {isa = PBXBuildFile; fileRef = 356858731F200F57002C995C /* CreateGrid.swift */; };
		356858761F201103002C995C /* mazeWall.png in Resources */ = {isa = PBXBuildFile; fileRef = 356858751F201103002C995C /* mazeWall.png */; };
		3578E5141F21178500383B05 /* Monsters.swift in Sources */ = {isa = PBXBuildFile; fileRef = 3578E5131F21178500383B05 /* Monsters.swift */; };
/* End PBXBuildFile section */

/* Begin PBXContainerItemProxy section */
		356858551F200DB6002C995C /* PBXContainerItemProxy */ = {
			isa = PBXContainerItemProxy;
			containerPortal = 356858321F200DB6002C995C /* Project object */;
			proxyType = 1;
			remoteGlobalIDString = 356858391F200DB6002C995C;
			remoteInfo = "Path Blocker";
		};
		356858601F200DB6002C995C /* PBXContainerItemProxy */ = {
			isa = PBXContainerItemProxy;
			containerPortal = 356858321F200DB6002C995C /* Project object */;
			proxyType = 1;
			remoteGlobalIDString = 356858391F200DB6002C995C;
			remoteInfo = "Path Blocker";
		};
/* End PBXContainerItemProxy section */

/* Begin PBXFileReference section */
		3521A2BD1F2FEE99009101F8 /* MainMenu.sks */ = {isa = PBXFileReference; lastKnownFileType = file.sks; path = MainMenu.sks; sourceTree = "<group>"; };
		3521A2BF1F2FEEA9009101F8 /* MainMenu.swift */ = {isa = PBXFileReference; fileEncoding = 4; lastKnownFileType = sourcecode.swift; path = MainMenu.swift; sourceTree = "<group>"; };
		3568583A1F200DB6002C995C /* Path Blocker.app */ = {isa = PBXFileReference; explicitFileType = wrapper.application; includeInIndex = 0; path = "Path Blocker.app"; sourceTree = BUILT_PRODUCTS_DIR; };
		3568583D1F200DB6002C995C /* AppDelegate.swift */ = {isa = PBXFileReference; lastKnownFileType = sourcecode.swift; path = AppDelegate.swift; sourceTree = "<group>"; };
		3568583F1F200DB6002C995C /* GameScene.sks */ = {isa = PBXFileReference; lastKnownFileType = file.sks; path = GameScene.sks; sourceTree = "<group>"; };
		356858411F200DB6002C995C /* Actions.sks */ = {isa = PBXFileReference; lastKnownFileType = file.sks; path = Actions.sks; sourceTree = "<group>"; };
		356858431F200DB6002C995C /* GameScene.swift */ = {isa = PBXFileReference; lastKnownFileType = sourcecode.swift; path = GameScene.swift; sourceTree = "<group>"; };
		356858451F200DB6002C995C /* GameViewController.swift */ = {isa = PBXFileReference; lastKnownFileType = sourcecode.swift; path = GameViewController.swift; sourceTree = "<group>"; };
		356858481F200DB6002C995C /* Base */ = {isa = PBXFileReference; lastKnownFileType = file.storyboard; name = Base; path = Base.lproj/Main.storyboard; sourceTree = "<group>"; };
		3568584A1F200DB6002C995C /* Assets.xcassets */ = {isa = PBXFileReference; lastKnownFileType = folder.assetcatalog; path = Assets.xcassets; sourceTree = "<group>"; };
		3568584D1F200DB6002C995C /* Base */ = {isa = PBXFileReference; lastKnownFileType = file.storyboard; name = Base; path = Base.lproj/LaunchScreen.storyboard; sourceTree = "<group>"; };
		3568584F1F200DB6002C995C /* Info.plist */ = {isa = PBXFileReference; lastKnownFileType = text.plist.xml; path = Info.plist; sourceTree = "<group>"; };
		356858541F200DB6002C995C /* Path BlockerTests.xctest */ = {isa = PBXFileReference; explicitFileType = wrapper.cfbundle; includeInIndex = 0; path = "Path BlockerTests.xctest"; sourceTree = BUILT_PRODUCTS_DIR; };
		356858581F200DB6002C995C /* Path_BlockerTests.swift */ = {isa = PBXFileReference; lastKnownFileType = sourcecode.swift; path = Path_BlockerTests.swift; sourceTree = "<group>"; };
		3568585A1F200DB6002C995C /* Info.plist */ = {isa = PBXFileReference; lastKnownFileType = text.plist.xml; path = Info.plist; sourceTree = "<group>"; };
		3568585F1F200DB6002C995C /* Path BlockerUITests.xctest */ = {isa = PBXFileReference; explicitFileType = wrapper.cfbundle; includeInIndex = 0; path = "Path BlockerUITests.xctest"; sourceTree = BUILT_PRODUCTS_DIR; };
		356858631F200DB6002C995C /* Path_BlockerUITests.swift */ = {isa = PBXFileReference; lastKnownFileType = sourcecode.swift; path = Path_BlockerUITests.swift; sourceTree = "<group>"; };
		356858651F200DB6002C995C /* Info.plist */ = {isa = PBXFileReference; lastKnownFileType = text.plist.xml; path = Info.plist; sourceTree = "<group>"; };
		356858711F200E1E002C995C /* CreateMaze.swift */ = {isa = PBXFileReference; fileEncoding = 4; lastKnownFileType = sourcecode.swift; path = CreateMaze.swift; sourceTree = "<group>"; };
		356858731F200F57002C995C /* CreateGrid.swift */ = {isa = PBXFileReference; fileEncoding = 4; lastKnownFileType = sourcecode.swift; path = CreateGrid.swift; sourceTree = "<group>"; };
		356858751F201103002C995C /* mazeWall.png */ = {isa = PBXFileReference; lastKnownFileType = image.png; name = mazeWall.png; path = ../../../../Downloads/mazeWall.png; sourceTree = "<group>"; };
		3578E5131F21178500383B05 /* Monsters.swift */ = {isa = PBXFileReference; fileEncoding = 4; lastKnownFileType = sourcecode.swift; path = Monsters.swift; sourceTree = "<group>"; };
/* End PBXFileReference section */

/* Begin PBXFrameworksBuildPhase section */
		356858371F200DB6002C995C /* Frameworks */ = {
			isa = PBXFrameworksBuildPhase;
			buildActionMask = 2147483647;
			files = (
			);
			runOnlyForDeploymentPostprocessing = 0;
		};
		356858511F200DB6002C995C /* Frameworks */ = {
			isa = PBXFrameworksBuildPhase;
			buildActionMask = 2147483647;
			files = (
			);
			runOnlyForDeploymentPostprocessing = 0;
		};
		3568585C1F200DB6002C995C /* Frameworks */ = {
			isa = PBXFrameworksBuildPhase;
			buildActionMask = 2147483647;
			files = (
			);
			runOnlyForDeploymentPostprocessing = 0;
		};
/* End PBXFrameworksBuildPhase section */

/* Begin PBXGroup section */
		356858311F200DB6002C995C = {
			isa = PBXGroup;
			children = (
				3568583C1F200DB6002C995C /* Path Blocker */,
				356858571F200DB6002C995C /* Path BlockerTests */,
				356858621F200DB6002C995C /* Path BlockerUITests */,
				3568583B1F200DB6002C995C /* Products */,
			);
			sourceTree = "<group>";
		};
		3568583B1F200DB6002C995C /* Products */ = {
			isa = PBXGroup;
			children = (
				3568583A1F200DB6002C995C /* Path Blocker.app */,
				356858541F200DB6002C995C /* Path BlockerTests.xctest */,
				3568585F1F200DB6002C995C /* Path BlockerUITests.xctest */,
			);
			name = Products;
			sourceTree = "<group>";
		};
		3568583C1F200DB6002C995C /* Path Blocker */ = {
			isa = PBXGroup;
			children = (
				3568583D1F200DB6002C995C /* AppDelegate.swift */,
				3568583F1F200DB6002C995C /* GameScene.sks */,
				3521A2BD1F2FEE99009101F8 /* MainMenu.sks */,
				3521A2BF1F2FEEA9009101F8 /* MainMenu.swift */,
				356858411F200DB6002C995C /* Actions.sks */,
				356858431F200DB6002C995C /* GameScene.swift */,
				356858711F200E1E002C995C /* CreateMaze.swift */,
				3578E5131F21178500383B05 /* Monsters.swift */,
				356858731F200F57002C995C /* CreateGrid.swift */,
				356858451F200DB6002C995C /* GameViewController.swift */,
				356858751F201103002C995C /* mazeWall.png */,
				356858471F200DB6002C995C /* Main.storyboard */,
				3568584A1F200DB6002C995C /* Assets.xcassets */,
				3568584C1F200DB6002C995C /* LaunchScreen.storyboard */,
				3568584F1F200DB6002C995C /* Info.plist */,
			);
			path = "Path Blocker";
			sourceTree = "<group>";
		};
		356858571F200DB6002C995C /* Path BlockerTests */ = {
			isa = PBXGroup;
			children = (
				356858581F200DB6002C995C /* Path_BlockerTests.swift */,
				3568585A1F200DB6002C995C /* Info.plist */,
			);
			path = "Path BlockerTests";
			sourceTree = "<group>";
		};
		356858621F200DB6002C995C /* Path BlockerUITests */ = {
			isa = PBXGroup;
			children = (
				356858631F200DB6002C995C /* Path_BlockerUITests.swift */,
				356858651F200DB6002C995C /* Info.plist */,
			);
			path = "Path BlockerUITests";
			sourceTree = "<group>";
		};
/* End PBXGroup section */

/* Begin PBXNativeTarget section */
		356858391F200DB6002C995C /* Path Blocker */ = {
			isa = PBXNativeTarget;
			buildConfigurationList = 356858681F200DB6002C995C /* Build configuration list for PBXNativeTarget "Path Blocker" */;
			buildPhases = (
				356858361F200DB6002C995C /* Sources */,
				356858371F200DB6002C995C /* Frameworks */,
				356858381F200DB6002C995C /* Resources */,
			);
			buildRules = (
			);
			dependencies = (
			);
			name = "Path Blocker";
			productName = "Path Blocker";
			productReference = 3568583A1F200DB6002C995C /* Path Blocker.app */;
			productType = "com.apple.product-type.application";
		};
		356858531F200DB6002C995C /* Path BlockerTests */ = {
			isa = PBXNativeTarget;
			buildConfigurationList = 3568586B1F200DB6002C995C /* Build configuration list for PBXNativeTarget "Path BlockerTests" */;
			buildPhases = (
				356858501F200DB6002C995C /* Sources */,
				356858511F200DB6002C995C /* Frameworks */,
				356858521F200DB6002C995C /* Resources */,
			);
			buildRules = (
			);
			dependencies = (
				356858561F200DB6002C995C /* PBXTargetDependency */,
			);
			name = "Path BlockerTests";
			productName = "Path BlockerTests";
			productReference = 356858541F200DB6002C995C /* Path BlockerTests.xctest */;
			productType = "com.apple.product-type.bundle.unit-test";
		};
		3568585E1F200DB6002C995C /* Path BlockerUITests */ = {
			isa = PBXNativeTarget;
			buildConfigurationList = 3568586E1F200DB6002C995C /* Build configuration list for PBXNativeTarget "Path BlockerUITests" */;
			buildPhases = (
				3568585B1F200DB6002C995C /* Sources */,
				3568585C1F200DB6002C995C /* Frameworks */,
				3568585D1F200DB6002C995C /* Resources */,
			);
			buildRules = (
			);
			dependencies = (
				356858611F200DB6002C995C /* PBXTargetDependency */,
			);
			name = "Path BlockerUITests";
			productName = "Path BlockerUITests";
			productReference = 3568585F1F200DB6002C995C /* Path BlockerUITests.xctest */;
			productType = "com.apple.product-type.bundle.ui-testing";
		};
/* End PBXNativeTarget section */

/* Begin PBXProject section */
		356858321F200DB6002C995C /* Project object */ = {
			isa = PBXProject;
			attributes = {
				LastSwiftUpdateCheck = 0830;
				LastUpgradeCheck = 0830;
				ORGANIZATIONNAME = "Shreya Basireddy";
				TargetAttributes = {
					356858391F200DB6002C995C = {
						CreatedOnToolsVersion = 8.3.3;
						DevelopmentTeam = 6W7KV4JKVK;
						ProvisioningStyle = Automatic;
					};
					356858531F200DB6002C995C = {
						CreatedOnToolsVersion = 8.3.3;
						ProvisioningStyle = Automatic;
						TestTargetID = 356858391F200DB6002C995C;
					};
					3568585E1F200DB6002C995C = {
						CreatedOnToolsVersion = 8.3.3;
						ProvisioningStyle = Automatic;
						TestTargetID = 356858391F200DB6002C995C;
					};
				};
			};
			buildConfigurationList = 356858351F200DB6002C995C /* Build configuration list for PBXProject "Path Blocker" */;
			compatibilityVersion = "Xcode 3.2";
			developmentRegion = English;
			hasScannedForEncodings = 0;
			knownRegions = (
				en,
				Base,
			);
			mainGroup = 356858311F200DB6002C995C;
			productRefGroup = 3568583B1F200DB6002C995C /* Products */;
			projectDirPath = "";
			projectRoot = "";
			targets = (
				356858391F200DB6002C995C /* Path Blocker */,
				356858531F200DB6002C995C /* Path BlockerTests */,
				3568585E1F200DB6002C995C /* Path BlockerUITests */,
			);
		};
/* End PBXProject section */

/* Begin PBXResourcesBuildPhase section */
		356858381F200DB6002C995C /* Resources */ = {
			isa = PBXResourcesBuildPhase;
			buildActionMask = 2147483647;
			files = (
				356858761F201103002C995C /* mazeWall.png in Resources */,
				356858491F200DB6002C995C /* Main.storyboard in Resources */,
				356858401F200DB6002C995C /* GameScene.sks in Resources */,
				3568584B1F200DB6002C995C /* Assets.xcassets in Resources */,
				3568584E1F200DB6002C995C /* LaunchScreen.storyboard in Resources */,
				3521A2BE1F2FEE99009101F8 /* MainMenu.sks in Resources */,
				356858421F200DB6002C995C /* Actions.sks in Resources */,
			);
			runOnlyForDeploymentPostprocessing = 0;
		};
		356858521F200DB6002C995C /* Resources */ = {
			isa = PBXResourcesBuildPhase;
			buildActionMask = 2147483647;
			files = (
			);
			runOnlyForDeploymentPostprocessing = 0;
		};
		3568585D1F200DB6002C995C /* Resources */ = {
			isa = PBXResourcesBuildPhase;
			buildActionMask = 2147483647;
			files = (
			);
			runOnlyForDeploymentPostprocessing = 0;
		};
/* End PBXResourcesBuildPhase section */

/* Begin PBXSourcesBuildPhase section */
		356858361F200DB6002C995C /* Sources */ = {
			isa = PBXSourcesBuildPhase;
			buildActionMask = 2147483647;
			files = (
				356858741F200F57002C995C /* CreateGrid.swift in Sources */,
				356858721F200E1E002C995C /* CreateMaze.swift in Sources */,
				3521A2C01F2FEEA9009101F8 /* MainMenu.swift in Sources */,
				3578E5141F21178500383B05 /* Monsters.swift in Sources */,
				356858441F200DB6002C995C /* GameScene.swift in Sources */,
				356858461F200DB6002C995C /* GameViewController.swift in Sources */,
				3568583E1F200DB6002C995C /* AppDelegate.swift in Sources */,
			);
			runOnlyForDeploymentPostprocessing = 0;
		};
		356858501F200DB6002C995C /* Sources */ = {
			isa = PBXSourcesBuildPhase;
			buildActionMask = 2147483647;
			files = (
				356858591F200DB6002C995C /* Path_BlockerTests.swift in Sources */,
			);
			runOnlyForDeploymentPostprocessing = 0;
		};
		3568585B1F200DB6002C995C /* Sources */ = {
			isa = PBXSourcesBuildPhase;
			buildActionMask = 2147483647;
			files = (
				356858641F200DB6002C995C /* Path_BlockerUITests.swift in Sources */,
			);
			runOnlyForDeploymentPostprocessing = 0;
		};
/* End PBXSourcesBuildPhase section */

/* Begin PBXTargetDependency section */
		356858561F200DB6002C995C /* PBXTargetDependency */ = {
			isa = PBXTargetDependency;
			target = 356858391F200DB6002C995C /* Path Blocker */;
			targetProxy = 356858551F200DB6002C995C /* PBXContainerItemProxy */;
		};
		356858611F200DB6002C995C /* PBXTargetDependency */ = {
			isa = PBXTargetDependency;
			target = 356858391F200DB6002C995C /* Path Blocker */;
			targetProxy = 356858601F200DB6002C995C /* PBXContainerItemProxy */;
		};
/* End PBXTargetDependency section */

/* Begin PBXVariantGroup section */
		356858471F200DB6002C995C /* Main.storyboard */ = {
			isa = PBXVariantGroup;
			children = (
				356858481F200DB6002C995C /* Base */,
			);
			name = Main.storyboard;
			sourceTree = "<group>";
		};
		3568584C1F200DB6002C995C /* LaunchScreen.storyboard */ = {
			isa = PBXVariantGroup;
			children = (
				3568584D1F200DB6002C995C /* Base */,
			);
			name = LaunchScreen.storyboard;
			sourceTree = "<group>";
		};
/* End PBXVariantGroup section */

/* Begin XCBuildConfiguration section */
		356858661F200DB6002C995C /* Debug */ = {
			isa = XCBuildConfiguration;
			buildSettings = {
				ALWAYS_SEARCH_USER_PATHS = NO;
				CLANG_ANALYZER_NONNULL = YES;
				CLANG_ANALYZER_NUMBER_OBJECT_CONVERSION = YES_AGGRESSIVE;
				CLANG_CXX_LANGUAGE_STANDARD = "gnu++0x";
				CLANG_CXX_LIBRARY = "libc++";
				CLANG_ENABLE_MODULES = YES;
				CLANG_ENABLE_OBJC_ARC = YES;
				CLANG_WARN_BOOL_CONVERSION = YES;
				CLANG_WARN_CONSTANT_CONVERSION = YES;
				CLANG_WARN_DIRECT_OBJC_ISA_USAGE = YES_ERROR;
				CLANG_WARN_DOCUMENTATION_COMMENTS = YES;
				CLANG_WARN_EMPTY_BODY = YES;
				CLANG_WARN_ENUM_CONVERSION = YES;
				CLANG_WARN_INFINITE_RECURSION = YES;
				CLANG_WARN_INT_CONVERSION = YES;
				CLANG_WARN_OBJC_ROOT_CLASS = YES_ERROR;
				CLANG_WARN_SUSPICIOUS_MOVE = YES;
				CLANG_WARN_UNREACHABLE_CODE = YES;
				CLANG_WARN__DUPLICATE_METHOD_MATCH = YES;
				"CODE_SIGN_IDENTITY[sdk=iphoneos*]" = "iPhone Developer";
				COPY_PHASE_STRIP = NO;
				DEBUG_INFORMATION_FORMAT = dwarf;
				ENABLE_STRICT_OBJC_MSGSEND = YES;
				ENABLE_TESTABILITY = YES;
				GCC_C_LANGUAGE_STANDARD = gnu99;
				GCC_DYNAMIC_NO_PIC = NO;
				GCC_NO_COMMON_BLOCKS = YES;
				GCC_OPTIMIZATION_LEVEL = 0;
				GCC_PREPROCESSOR_DEFINITIONS = (
					"DEBUG=1",
					"$(inherited)",
				);
				GCC_WARN_64_TO_32_BIT_CONVERSION = YES;
				GCC_WARN_ABOUT_RETURN_TYPE = YES_ERROR;
				GCC_WARN_UNDECLARED_SELECTOR = YES;
				GCC_WARN_UNINITIALIZED_AUTOS = YES_AGGRESSIVE;
				GCC_WARN_UNUSED_FUNCTION = YES;
				GCC_WARN_UNUSED_VARIABLE = YES;
				IPHONEOS_DEPLOYMENT_TARGET = 10.3;
				MTL_ENABLE_DEBUG_INFO = YES;
				ONLY_ACTIVE_ARCH = YES;
				SDKROOT = iphoneos;
				SWIFT_ACTIVE_COMPILATION_CONDITIONS = DEBUG;
				SWIFT_OPTIMIZATION_LEVEL = "-Onone";
				TARGETED_DEVICE_FAMILY = "1,2";
			};
			name = Debug;
		};
		356858671F200DB6002C995C /* Release */ = {
			isa = XCBuildConfiguration;
			buildSettings = {
				ALWAYS_SEARCH_USER_PATHS = NO;
				CLANG_ANALYZER_NONNULL = YES;
				CLANG_ANALYZER_NUMBER_OBJECT_CONVERSION = YES_AGGRESSIVE;
				CLANG_CXX_LANGUAGE_STANDARD = "gnu++0x";
				CLANG_CXX_LIBRARY = "libc++";
				CLANG_ENABLE_MODULES = YES;
				CLANG_ENABLE_OBJC_ARC = YES;
				CLANG_WARN_BOOL_CONVERSION = YES;
				CLANG_WARN_CONSTANT_CONVERSION = YES;
				CLANG_WARN_DIRECT_OBJC_ISA_USAGE = YES_ERROR;
				CLANG_WARN_DOCUMENTATION_COMMENTS = YES;
				CLANG_WARN_EMPTY_BODY = YES;
				CLANG_WARN_ENUM_CONVERSION = YES;
				CLANG_WARN_INFINITE_RECURSION = YES;
				CLANG_WARN_INT_CONVERSION = YES;
				CLANG_WARN_OBJC_ROOT_CLASS = YES_ERROR;
				CLANG_WARN_SUSPICIOUS_MOVE = YES;
				CLANG_WARN_UNREACHABLE_CODE = YES;
				CLANG_WARN__DUPLICATE_METHOD_MATCH = YES;
				"CODE_SIGN_IDENTITY[sdk=iphoneos*]" = "iPhone Developer";
				COPY_PHASE_STRIP = NO;
				DEBUG_INFORMATION_FORMAT = "dwarf-with-dsym";
				ENABLE_NS_ASSERTIONS = NO;
				ENABLE_STRICT_OBJC_MSGSEND = YES;
				GCC_C_LANGUAGE_STANDARD = gnu99;
				GCC_NO_COMMON_BLOCKS = YES;
				GCC_WARN_64_TO_32_BIT_CONVERSION = YES;
				GCC_WARN_ABOUT_RETURN_TYPE = YES_ERROR;
				GCC_WARN_UNDECLARED_SELECTOR = YES;
				GCC_WARN_UNINITIALIZED_AUTOS = YES_AGGRESSIVE;
				GCC_WARN_UNUSED_FUNCTION = YES;
				GCC_WARN_UNUSED_VARIABLE = YES;
				IPHONEOS_DEPLOYMENT_TARGET = 10.3;
				MTL_ENABLE_DEBUG_INFO = NO;
				SDKROOT = iphoneos;
				SWIFT_OPTIMIZATION_LEVEL = "-Owholemodule";
				TARGETED_DEVICE_FAMILY = "1,2";
				VALIDATE_PRODUCT = YES;
			};
			name = Release;
		};
		356858691F200DB6002C995C /* Debug */ = {
			isa = XCBuildConfiguration;
			buildSettings = {
				ASSETCATALOG_COMPILER_APPICON_NAME = AppIcon;
				DEVELOPMENT_TEAM = 6W7KV4JKVK;
				INFOPLIST_FILE = "Path Blocker/Info.plist";
				IPHONEOS_DEPLOYMENT_TARGET = 10.2.1;
				LD_RUNPATH_SEARCH_PATHS = "$(inherited) @executable_path/Frameworks";
				PRODUCT_BUNDLE_IDENTIFIER = "shreya.Path-Blocker";
				PRODUCT_NAME = "$(TARGET_NAME)";
				SWIFT_VERSION = 3.0;
			};
			name = Debug;
		};
		3568586A1F200DB6002C995C /* Release */ = {
			isa = XCBuildConfiguration;
			buildSettings = {
				ASSETCATALOG_COMPILER_APPICON_NAME = AppIcon;
				DEVELOPMENT_TEAM = 6W7KV4JKVK;
				INFOPLIST_FILE = "Path Blocker/Info.plist";
				IPHONEOS_DEPLOYMENT_TARGET = 10.2.1;
				LD_RUNPATH_SEARCH_PATHS = "$(inherited) @executable_path/Frameworks";
				PRODUCT_BUNDLE_IDENTIFIER = "shreya.Path-Blocker";
				PRODUCT_NAME = "$(TARGET_NAME)";
				SWIFT_VERSION = 3.0;
			};
			name = Release;
		};
		3568586C1F200DB6002C995C /* Debug */ = {
			isa = XCBuildConfiguration;
			buildSettings = {
				ALWAYS_EMBED_SWIFT_STANDARD_LIBRARIES = YES;
				BUNDLE_LOADER = "$(TEST_HOST)";
				INFOPLIST_FILE = "Path BlockerTests/Info.plist";
				LD_RUNPATH_SEARCH_PATHS = "$(inherited) @executable_path/Frameworks @loader_path/Frameworks";
				PRODUCT_BUNDLE_IDENTIFIER = "shreya.Path-BlockerTests";
				PRODUCT_NAME = "$(TARGET_NAME)";
				SWIFT_VERSION = 3.0;
				TEST_HOST = "$(BUILT_PRODUCTS_DIR)/Path Blocker.app/Path Blocker";
			};
			name = Debug;
		};
		3568586D1F200DB6002C995C /* Release */ = {
			isa = XCBuildConfiguration;
			buildSettings = {
				ALWAYS_EMBED_SWIFT_STANDARD_LIBRARIES = YES;
				BUNDLE_LOADER = "$(TEST_HOST)";
				INFOPLIST_FILE = "Path BlockerTests/Info.plist";
				LD_RUNPATH_SEARCH_PATHS = "$(inherited) @executable_path/Frameworks @loader_path/Frameworks";
				PRODUCT_BUNDLE_IDENTIFIER = "shreya.Path-BlockerTests";
				PRODUCT_NAME = "$(TARGET_NAME)";
				SWIFT_VERSION = 3.0;
				TEST_HOST = "$(BUILT_PRODUCTS_DIR)/Path Blocker.app/Path Blocker";
			};
			name = Release;
		};
		3568586F1F200DB6002C995C /* Debug */ = {
			isa = XCBuildConfiguration;
			buildSettings = {
				ALWAYS_EMBED_SWIFT_STANDARD_LIBRARIES = YES;
				INFOPLIST_FILE = "Path BlockerUITests/Info.plist";
				LD_RUNPATH_SEARCH_PATHS = "$(inherited) @executable_path/Frameworks @loader_path/Frameworks";
				PRODUCT_BUNDLE_IDENTIFIER = "shreya.Path-BlockerUITests";
				PRODUCT_NAME = "$(TARGET_NAME)";
				SWIFT_VERSION = 3.0;
				TEST_TARGET_NAME = "Path Blocker";
			};
			name = Debug;
		};
		356858701F200DB6002C995C /* Release */ = {
			isa = XCBuildConfiguration;
			buildSettings = {
				ALWAYS_EMBED_SWIFT_STANDARD_LIBRARIES = YES;
				INFOPLIST_FILE = "Path BlockerUITests/Info.plist";
				LD_RUNPATH_SEARCH_PATHS = "$(inherited) @executable_path/Frameworks @loader_path/Frameworks";
				PRODUCT_BUNDLE_IDENTIFIER = "shreya.Path-BlockerUITests";
				PRODUCT_NAME = "$(TARGET_NAME)";
				SWIFT_VERSION = 3.0;
				TEST_TARGET_NAME = "Path Blocker";
			};
			name = Release;
		};
/* End XCBuildConfiguration section */

/* Begin XCConfigurationList section */
		356858351F200DB6002C995C /* Build configuration list for PBXProject "Path Blocker" */ = {
			isa = XCConfigurationList;
			buildConfigurations = (
				356858661F200DB6002C995C /* Debug */,
				356858671F200DB6002C995C /* Release */,
			);
			defaultConfigurationIsVisible = 0;
			defaultConfigurationName = Release;
		};
		356858681F200DB6002C995C /* Build configuration list for PBXNativeTarget "Path Blocker" */ = {
			isa = XCConfigurationList;
			buildConfigurations = (
				356858691F200DB6002C995C /* Debug */,
				3568586A1F200DB6002C995C /* Release */,
			);
			defaultConfigurationIsVisible = 0;
			defaultConfigurationName = Release;
		};
		3568586B1F200DB6002C995C /* Build configuration list for PBXNativeTarget "Path BlockerTests" */ = {
			isa = XCConfigurationList;
			buildConfigurations = (
				3568586C1F200DB6002C995C /* Debug */,
				3568586D1F200DB6002C995C /* Release */,
			);
			defaultConfigurationIsVisible = 0;
			defaultConfigurationName = Release;
		};
		3568586E1F200DB6002C995C /* Build configuration list for PBXNativeTarget "Path BlockerUITests" */ = {
			isa = XCConfigurationList;
			buildConfigurations = (
				3568586F1F200DB6002C995C /* Debug */,
				356858701F200DB6002C995C /* Release */,
			);
			defaultConfigurationIsVisible = 0;
			defaultConfigurationName = Release;
		};
/* End XCConfigurationList section */
	};
	rootObject = 356858321F200DB6002C995C /* Project object */;
}
