// !$*UTF8*$!
{
	archiveVersion = 1;
	classes = {
	};
	objectVersion = 46;
	objects = {

/* Begin PBXBuildFile section */
		35136AC71F39501D005E0E7D /* PauseMenu.sks in Resources */ = {isa = PBXBuildFile; fileRef = 35136AC61F39501D005E0E7D /* PauseMenu.sks */; };
		35136AC91F39502D005E0E7D /* PauseMenu.swift in Sources */ = {isa = PBXBuildFile; fileRef = 35136AC81F39502D005E0E7D /* PauseMenu.swift */; };
		35136ACD1F396970005E0E7D /* continueButton.png in Resources */ = {isa = PBXBuildFile; fileRef = 35136ACC1F396970005E0E7D /* continueButton.png */; };
		35136ACF1F3A2A3C005E0E7D /* leftFlag.png in Resources */ = {isa = PBXBuildFile; fileRef = 35136ACE1F3A2A3C005E0E7D /* leftFlag.png */; };
		35136AD11F3A2A42005E0E7D /* rightFlag.png in Resources */ = {isa = PBXBuildFile; fileRef = 35136AD01F3A2A42005E0E7D /* rightFlag.png */; };
		351467251F3B88570090BA18 /* mazeSample2P1.png in Resources */ = {isa = PBXBuildFile; fileRef = 351467241F3B88570090BA18 /* mazeSample2P1.png */; };
		351467271F3B88610090BA18 /* mazeSample2P2.png in Resources */ = {isa = PBXBuildFile; fileRef = 351467261F3B88610090BA18 /* mazeSample2P2.png */; };
		351467291F3B88680090BA18 /* mazeSample2P3.png in Resources */ = {isa = PBXBuildFile; fileRef = 351467281F3B88680090BA18 /* mazeSample2P3.png */; };
		3514672B1F3B889B0090BA18 /* mazeSample2P4.png in Resources */ = {isa = PBXBuildFile; fileRef = 3514672A1F3B889B0090BA18 /* mazeSample2P4.png */; };
		3514672D1F3B88A20090BA18 /* mazeSample2P5.png in Resources */ = {isa = PBXBuildFile; fileRef = 3514672C1F3B88A20090BA18 /* mazeSample2P5.png */; };
		3514672F1F3B921E0090BA18 /* InstructionsWinning.sks in Resources */ = {isa = PBXBuildFile; fileRef = 3514672E1F3B921E0090BA18 /* InstructionsWinning.sks */; };
		351467311F3B92470090BA18 /* InstructionsWinning.swift in Sources */ = {isa = PBXBuildFile; fileRef = 351467301F3B92470090BA18 /* InstructionsWinning.swift */; };
		351467331F3B97900090BA18 /* mazeSample2p6.png in Resources */ = {isa = PBXBuildFile; fileRef = 351467321F3B97900090BA18 /* mazeSample2p6.png */; };
		351467371F3B990A0090BA18 /* 200px-Green8ABF3C_circle_100%.svg.png in Resources */ = {isa = PBXBuildFile; fileRef = 351467361F3B990A0090BA18 /* 200px-Green8ABF3C_circle_100%.svg.png */; };
		3514673A1F3BB10A0090BA18 /* arrow.png in Resources */ = {isa = PBXBuildFile; fileRef = 351467391F3BB10A0090BA18 /* arrow.png */; };
		3514673C1F3BBC370090BA18 /* Credits.sks in Resources */ = {isa = PBXBuildFile; fileRef = 3514673B1F3BBC370090BA18 /* Credits.sks */; };
		3514673E1F3BBD200090BA18 /* Credits.swift in Sources */ = {isa = PBXBuildFile; fileRef = 3514673D1F3BBD200090BA18 /* Credits.swift */; };
		351467401F3BC29C0090BA18 /* creditsButton.png in Resources */ = {isa = PBXBuildFile; fileRef = 3514673F1F3BC29C0090BA18 /* creditsButton.png */; };
		351467421F3BD9D10090BA18 /* LaunchScreen.storyboard in Resources */ = {isa = PBXBuildFile; fileRef = 351467411F3BD9D10090BA18 /* LaunchScreen.storyboard */; };
		3514674C1F3BE02D0090BA18 /* AppIconTest4.png in Resources */ = {isa = PBXBuildFile; fileRef = 3514674B1F3BE02D0090BA18 /* AppIconTest4.png */; };
		351759E31F338E7D0019E21A /* restartbutton copy.png in Resources */ = {isa = PBXBuildFile; fileRef = 351759E21F338E7D0019E21A /* restartbutton copy.png */; };
		351759E51F338E8C0019E21A /* exitbutton copy.png in Resources */ = {isa = PBXBuildFile; fileRef = 351759E41F338E8C0019E21A /* exitbutton copy.png */; };
		351759E71F3392D80019E21A /* playButton.png in Resources */ = {isa = PBXBuildFile; fileRef = 351759E61F3392D80019E21A /* playButton.png */; };
		351759E91F3393D00019E21A /* MSButtonNode.swift in Sources */ = {isa = PBXBuildFile; fileRef = 351759E81F3393D00019E21A /* MSButtonNode.swift */; };
		351759EB1F33C5E20019E21A /* menuButton.png in Resources */ = {isa = PBXBuildFile; fileRef = 351759EA1F33C5E20019E21A /* menuButton.png */; };
		351759ED1F33C5EE0019E21A /* pauseButton.png in Resources */ = {isa = PBXBuildFile; fileRef = 351759EC1F33C5EE0019E21A /* pauseButton.png */; };
		351759EF1F34FB910019E21A /* beep.wav in Resources */ = {isa = PBXBuildFile; fileRef = 351759EE1F34FB910019E21A /* beep.wav */; };
		3521A2BE1F2FEE99009101F8 /* MainMenu.sks in Resources */ = {isa = PBXBuildFile; fileRef = 3521A2BD1F2FEE99009101F8 /* MainMenu.sks */; };
		3521A2C01F2FEEA9009101F8 /* MainMenu.swift in Sources */ = {isa = PBXBuildFile; fileRef = 3521A2BF1F2FEEA9009101F8 /* MainMenu.swift */; };
		3568583E1F200DB6002C995C /* AppDelegate.swift in Sources */ = {isa = PBXBuildFile; fileRef = 3568583D1F200DB6002C995C /* AppDelegate.swift */; };
		356858401F200DB6002C995C /* GameScene.sks in Resources */ = {isa = PBXBuildFile; fileRef = 3568583F1F200DB6002C995C /* GameScene.sks */; };
		356858421F200DB6002C995C /* Actions.sks in Resources */ = {isa = PBXBuildFile; fileRef = 356858411F200DB6002C995C /* Actions.sks */; };
		356858441F200DB6002C995C /* GameScene.swift in Sources */ = {isa = PBXBuildFile; fileRef = 356858431F200DB6002C995C /* GameScene.swift */; };
		356858461F200DB6002C995C /* GameViewController.swift in Sources */ = {isa = PBXBuildFile; fileRef = 356858451F200DB6002C995C /* GameViewController.swift */; };
		356858491F200DB6002C995C /* Main.storyboard in Resources */ = {isa = PBXBuildFile; fileRef = 356858471F200DB6002C995C /* Main.storyboard */; };
		3568584B1F200DB6002C995C /* Assets.xcassets in Resources */ = {isa = PBXBuildFile; fileRef = 3568584A1F200DB6002C995C /* Assets.xcassets */; };
		3568584E1F200DB6002C995C /* LaunchScreen.storyboard in Resources */ = {isa = PBXBuildFile; fileRef = 3568584C1F200DB6002C995C /* LaunchScreen.storyboard */; };
		356858591F200DB6002C995C /* Path_BlockerTests.swift in Sources */ = {isa = PBXBuildFile; fileRef = 356858581F200DB6002C995C /* Path_BlockerTests.swift */; };
		356858641F200DB6002C995C /* Path_BlockerUITests.swift in Sources */ = {isa = PBXBuildFile; fileRef = 356858631F200DB6002C995C /* Path_BlockerUITests.swift */; };
		356858721F200E1E002C995C /* CreateMaze.swift in Sources */ = {isa = PBXBuildFile; fileRef = 356858711F200E1E002C995C /* CreateMaze.swift */; };
		356858741F200F57002C995C /* CreateGrid.swift in Sources */ = {isa = PBXBuildFile; fileRef = 356858731F200F57002C995C /* CreateGrid.swift */; };
		356858761F201103002C995C /* mazeWall.png in Resources */ = {isa = PBXBuildFile; fileRef = 356858751F201103002C995C /* mazeWall.png */; };
		3578E5141F21178500383B05 /* Monsters.swift in Sources */ = {isa = PBXBuildFile; fileRef = 3578E5131F21178500383B05 /* Monsters.swift */; };
		35E5B6C71F3AD93D00DE7F8B /* mazeSample1p1.png in Resources */ = {isa = PBXBuildFile; fileRef = 35E5B6C61F3AD93D00DE7F8B /* mazeSample1p1.png */; };
		35E5B6C91F3AD94500DE7F8B /* mazeSample1p2.png in Resources */ = {isa = PBXBuildFile; fileRef = 35E5B6C81F3AD94500DE7F8B /* mazeSample1p2.png */; };
		35E5B6CB1F3AE1AE00DE7F8B /* InstructionsOpening.sks in Resources */ = {isa = PBXBuildFile; fileRef = 35E5B6CA1F3AE1AE00DE7F8B /* InstructionsOpening.sks */; };
		35E5B6CD1F3AE1C900DE7F8B /* InstructionsWalls.sks in Resources */ = {isa = PBXBuildFile; fileRef = 35E5B6CC1F3AE1C900DE7F8B /* InstructionsWalls.sks */; };
		35E5B6D01F3B711A00DE7F8B /* nextButton.png in Resources */ = {isa = PBXBuildFile; fileRef = 35E5B6CF1F3B711A00DE7F8B /* nextButton.png */; };
		35E5B6D41F3B7B1200DE7F8B /* howToPlayButton.png in Resources */ = {isa = PBXBuildFile; fileRef = 35E5B6D31F3B7B1200DE7F8B /* howToPlayButton.png */; };
		35E5B6D61F3B7C4A00DE7F8B /* InstructionsOpening.swift in Sources */ = {isa = PBXBuildFile; fileRef = 35E5B6D51F3B7C4A00DE7F8B /* InstructionsOpening.swift */; };
		35E5B6D81F3B7D9800DE7F8B /* InstructionsWalls.swift in Sources */ = {isa = PBXBuildFile; fileRef = 35E5B6D71F3B7D9800DE7F8B /* InstructionsWalls.swift */; };
		35E5B6DA1F3B7FCD00DE7F8B /* mazeSampleWallAnimation.sks in Resources */ = {isa = PBXBuildFile; fileRef = 35E5B6D91F3B7FCD00DE7F8B /* mazeSampleWallAnimation.sks */; };
		35E5B6DC1F3B81CE00DE7F8B /* InstructionsMonsters.sks in Resources */ = {isa = PBXBuildFile; fileRef = 35E5B6DB1F3B81CE00DE7F8B /* InstructionsMonsters.sks */; };
		35E5B6DE1F3B81E100DE7F8B /* InstructionsMonsters.swift in Sources */ = {isa = PBXBuildFile; fileRef = 35E5B6DD1F3B81E100DE7F8B /* InstructionsMonsters.swift */; };
		35E5B6E01F3B83CB00DE7F8B /* backButton.png in Resources */ = {isa = PBXBuildFile; fileRef = 35E5B6DF1F3B83CB00DE7F8B /* backButton.png */; };
/* End PBXBuildFile section */

/* Begin PBXContainerItemProxy section */
		356858551F200DB6002C995C /* PBXContainerItemProxy */ = {
			isa = PBXContainerItemProxy;
			containerPortal = 356858321F200DB6002C995C /* Project object */;
			proxyType = 1;
			remoteGlobalIDString = 356858391F200DB6002C995C;
			remoteInfo = "Path Blocker";
		};
		356858601F200DB6002C995C /* PBXContainerItemProxy */ = {
			isa = PBXContainerItemProxy;
			containerPortal = 356858321F200DB6002C995C /* Project object */;
			proxyType = 1;
			remoteGlobalIDString = 356858391F200DB6002C995C;
			remoteInfo = "Path Blocker";
		};
/* End PBXContainerItemProxy section */

/* Begin PBXFileReference section */
		35136AC61F39501D005E0E7D /* PauseMenu.sks */ = {isa = PBXFileReference; lastKnownFileType = file.sks; path = PauseMenu.sks; sourceTree = "<group>"; };
		35136AC81F39502D005E0E7D /* PauseMenu.swift */ = {isa = PBXFileReference; fileEncoding = 4; lastKnownFileType = sourcecode.swift; path = PauseMenu.swift; sourceTree = "<group>"; };
		35136ACC1F396970005E0E7D /* continueButton.png */ = {isa = PBXFileReference; lastKnownFileType = image.png; name = continueButton.png; path = ../../../../Downloads/continueButton.png; sourceTree = "<group>"; };
		35136ACE1F3A2A3C005E0E7D /* leftFlag.png */ = {isa = PBXFileReference; lastKnownFileType = image.png; name = leftFlag.png; path = ../../../../Downloads/leftFlag.png; sourceTree = "<group>"; };
		35136AD01F3A2A42005E0E7D /* rightFlag.png */ = {isa = PBXFileReference; lastKnownFileType = image.png; name = rightFlag.png; path = ../../../../Downloads/rightFlag.png; sourceTree = "<group>"; };
		351467241F3B88570090BA18 /* mazeSample2P1.png */ = {isa = PBXFileReference; lastKnownFileType = image.png; name = mazeSample2P1.png; path = ../../../../Downloads/mazeSample2P1.png; sourceTree = "<group>"; };
		351467261F3B88610090BA18 /* mazeSample2P2.png */ = {isa = PBXFileReference; lastKnownFileType = image.png; name = mazeSample2P2.png; path = ../../../../Downloads/mazeSample2P2.png; sourceTree = "<group>"; };
		351467281F3B88680090BA18 /* mazeSample2P3.png */ = {isa = PBXFileReference; lastKnownFileType = image.png; name = mazeSample2P3.png; path = ../../../../Downloads/mazeSample2P3.png; sourceTree = "<group>"; };
		3514672A1F3B889B0090BA18 /* mazeSample2P4.png */ = {isa = PBXFileReference; lastKnownFileType = image.png; name = mazeSample2P4.png; path = ../../../../Downloads/mazeSample2P4.png; sourceTree = "<group>"; };
		3514672C1F3B88A20090BA18 /* mazeSample2P5.png */ = {isa = PBXFileReference; lastKnownFileType = image.png; name = mazeSample2P5.png; path = ../../../../Downloads/mazeSample2P5.png; sourceTree = "<group>"; };
		3514672E1F3B921E0090BA18 /* InstructionsWinning.sks */ = {isa = PBXFileReference; lastKnownFileType = file.sks; path = InstructionsWinning.sks; sourceTree = "<group>"; };
		351467301F3B92470090BA18 /* InstructionsWinning.swift */ = {isa = PBXFileReference; fileEncoding = 4; lastKnownFileType = sourcecode.swift; path = InstructionsWinning.swift; sourceTree = "<group>"; };
		351467321F3B97900090BA18 /* mazeSample2p6.png */ = {isa = PBXFileReference; lastKnownFileType = image.png; name = mazeSample2p6.png; path = ../../../../Downloads/mazeSample2p6.png; sourceTree = "<group>"; };
		351467361F3B990A0090BA18 /* 200px-Green8ABF3C_circle_100%.svg.png */ = {isa = PBXFileReference; lastKnownFileType = image.png; name = "200px-Green8ABF3C_circle_100%.svg.png"; path = "../../../../Downloads/200px-Green8ABF3C_circle_100%.svg.png"; sourceTree = "<group>"; };
		351467391F3BB10A0090BA18 /* arrow.png */ = {isa = PBXFileReference; lastKnownFileType = image.png; name = arrow.png; path = ../../../../Downloads/arrow.png; sourceTree = "<group>"; };
		3514673B1F3BBC370090BA18 /* Credits.sks */ = {isa = PBXFileReference; lastKnownFileType = file.sks; path = Credits.sks; sourceTree = "<group>"; };
		3514673D1F3BBD200090BA18 /* Credits.swift */ = {isa = PBXFileReference; fileEncoding = 4; lastKnownFileType = sourcecode.swift; path = Credits.swift; sourceTree = "<group>"; };
		3514673F1F3BC29C0090BA18 /* creditsButton.png */ = {isa = PBXFileReference; lastKnownFileType = image.png; name = creditsButton.png; path = ../../../../Downloads/creditsButton.png; sourceTree = "<group>"; };
		351467411F3BD9D10090BA18 /* LaunchScreen.storyboard */ = {isa = PBXFileReference; fileEncoding = 4; lastKnownFileType = file.storyboard; path = LaunchScreen.storyboard; sourceTree = "<group>"; };
		3514674B1F3BE02D0090BA18 /* AppIconTest4.png */ = {isa = PBXFileReference; lastKnownFileType = image.png; name = AppIconTest4.png; path = ../../../../Downloads/AppIconTest4.png; sourceTree = "<group>"; };
		351759E21F338E7D0019E21A /* restartbutton copy.png */ = {isa = PBXFileReference; lastKnownFileType = image.png; name = "restartbutton copy.png"; path = "../../../../Downloads/restartbutton copy.png"; sourceTree = "<group>"; };
		351759E41F338E8C0019E21A /* exitbutton copy.png */ = {isa = PBXFileReference; lastKnownFileType = image.png; name = "exitbutton copy.png"; path = "../../../../Downloads/exitbutton copy.png"; sourceTree = "<group>"; };
		351759E61F3392D80019E21A /* playButton.png */ = {isa = PBXFileReference; lastKnownFileType = image.png; name = playButton.png; path = ../../../../Downloads/playButton.png; sourceTree = "<group>"; };
		351759E81F3393D00019E21A /* MSButtonNode.swift */ = {isa = PBXFileReference; fileEncoding = 4; lastKnownFileType = sourcecode.swift; path = MSButtonNode.swift; sourceTree = "<group>"; };
		351759EA1F33C5E20019E21A /* menuButton.png */ = {isa = PBXFileReference; lastKnownFileType = image.png; name = menuButton.png; path = ../../../../Downloads/menuButton.png; sourceTree = "<group>"; };
		351759EC1F33C5EE0019E21A /* pauseButton.png */ = {isa = PBXFileReference; lastKnownFileType = image.png; name = pauseButton.png; path = ../../../../Downloads/pauseButton.png; sourceTree = "<group>"; };
		351759EE1F34FB910019E21A /* beep.wav */ = {isa = PBXFileReference; lastKnownFileType = audio.wav; name = beep.wav; path = ../../../../Downloads/beep.wav; sourceTree = "<group>"; };
		3521A2BD1F2FEE99009101F8 /* MainMenu.sks */ = {isa = PBXFileReference; lastKnownFileType = file.sks; path = MainMenu.sks; sourceTree = "<group>"; };
		3521A2BF1F2FEEA9009101F8 /* MainMenu.swift */ = {isa = PBXFileReference; fileEncoding = 4; lastKnownFileType = sourcecode.swift; path = MainMenu.swift; sourceTree = "<group>"; };
		3568583A1F200DB6002C995C /* Path Blocker.app */ = {isa = PBXFileReference; explicitFileType = wrapper.application; includeInIndex = 0; path = "Path Blocker.app"; sourceTree = BUILT_PRODUCTS_DIR; };
		3568583D1F200DB6002C995C /* AppDelegate.swift */ = {isa = PBXFileReference; lastKnownFileType = sourcecode.swift; path = AppDelegate.swift; sourceTree = "<group>"; };
		3568583F1F200DB6002C995C /* GameScene.sks */ = {isa = PBXFileReference; lastKnownFileType = file.sks; path = GameScene.sks; sourceTree = "<group>"; };
		356858411F200DB6002C995C /* Actions.sks */ = {isa = PBXFileReference; lastKnownFileType = file.sks; path = Actions.sks; sourceTree = "<group>"; };
		356858431F200DB6002C995C /* GameScene.swift */ = {isa = PBXFileReference; lastKnownFileType = sourcecode.swift; path = GameScene.swift; sourceTree = "<group>"; };
		356858451F200DB6002C995C /* GameViewController.swift */ = {isa = PBXFileReference; lastKnownFileType = sourcecode.swift; path = GameViewController.swift; sourceTree = "<group>"; };
		356858481F200DB6002C995C /* Base */ = {isa = PBXFileReference; lastKnownFileType = file.storyboard; name = Base; path = Base.lproj/Main.storyboard; sourceTree = "<group>"; };
		3568584A1F200DB6002C995C /* Assets.xcassets */ = {isa = PBXFileReference; lastKnownFileType = folder.assetcatalog; path = Assets.xcassets; sourceTree = "<group>"; };
		3568584D1F200DB6002C995C /* Base */ = {isa = PBXFileReference; lastKnownFileType = file.storyboard; name = Base; path = Base.lproj/LaunchScreen.storyboard; sourceTree = "<group>"; };
		3568584F1F200DB6002C995C /* Info.plist */ = {isa = PBXFileReference; lastKnownFileType = text.plist.xml; path = Info.plist; sourceTree = "<group>"; };
		356858541F200DB6002C995C /* Path BlockerTests.xctest */ = {isa = PBXFileReference; explicitFileType = wrapper.cfbundle; includeInIndex = 0; path = "Path BlockerTests.xctest"; sourceTree = BUILT_PRODUCTS_DIR; };
		356858581F200DB6002C995C /* Path_BlockerTests.swift */ = {isa = PBXFileReference; lastKnownFileType = sourcecode.swift; path = Path_BlockerTests.swift; sourceTree = "<group>"; };
		3568585A1F200DB6002C995C /* Info.plist */ = {isa = PBXFileReference; lastKnownFileType = text.plist.xml; path = Info.plist; sourceTree = "<group>"; };
		3568585F1F200DB6002C995C /* Path BlockerUITests.xctest */ = {isa = PBXFileReference; explicitFileType = wrapper.cfbundle; includeInIndex = 0; path = "Path BlockerUITests.xctest"; sourceTree = BUILT_PRODUCTS_DIR; };
		356858631F200DB6002C995C /* Path_BlockerUITests.swift */ = {isa = PBXFileReference; lastKnownFileType = sourcecode.swift; path = Path_BlockerUITests.swift; sourceTree = "<group>"; };
		356858651F200DB6002C995C /* Info.plist */ = {isa = PBXFileReference; lastKnownFileType = text.plist.xml; path = Info.plist; sourceTree = "<group>"; };
		356858711F200E1E002C995C /* CreateMaze.swift */ = {isa = PBXFileReference; fileEncoding = 4; lastKnownFileType = sourcecode.swift; path = CreateMaze.swift; sourceTree = "<group>"; };
		356858731F200F57002C995C /* CreateGrid.swift */ = {isa = PBXFileReference; fileEncoding = 4; lastKnownFileType = sourcecode.swift; path = CreateGrid.swift; sourceTree = "<group>"; };
		356858751F201103002C995C /* mazeWall.png */ = {isa = PBXFileReference; lastKnownFileType = image.png; name = mazeWall.png; path = ../../../../Downloads/mazeWall.png; sourceTree = "<group>"; };
		3578E5131F21178500383B05 /* Monsters.swift */ = {isa = PBXFileReference; fileEncoding = 4; lastKnownFileType = sourcecode.swift; path = Monsters.swift; sourceTree = "<group>"; };
		35E5B6C61F3AD93D00DE7F8B /* mazeSample1p1.png */ = {isa = PBXFileReference; lastKnownFileType = image.png; name = mazeSample1p1.png; path = ../../../../Downloads/mazeSample1p1.png; sourceTree = "<group>"; };
		35E5B6C81F3AD94500DE7F8B /* mazeSample1p2.png */ = {isa = PBXFileReference; lastKnownFileType = image.png; name = mazeSample1p2.png; path = ../../../../Downloads/mazeSample1p2.png; sourceTree = "<group>"; };
		35E5B6CA1F3AE1AE00DE7F8B /* InstructionsOpening.sks */ = {isa = PBXFileReference; lastKnownFileType = file.sks; path = InstructionsOpening.sks; sourceTree = "<group>"; };
		35E5B6CC1F3AE1C900DE7F8B /* InstructionsWalls.sks */ = {isa = PBXFileReference; lastKnownFileType = file.sks; path = InstructionsWalls.sks; sourceTree = "<group>"; };
		35E5B6CF1F3B711A00DE7F8B /* nextButton.png */ = {isa = PBXFileReference; lastKnownFileType = image.png; name = nextButton.png; path = ../../../../Downloads/nextButton.png; sourceTree = "<group>"; };
		35E5B6D31F3B7B1200DE7F8B /* howToPlayButton.png */ = {isa = PBXFileReference; lastKnownFileType = image.png; name = howToPlayButton.png; path = ../../../../Downloads/howToPlayButton.png; sourceTree = "<group>"; };
		35E5B6D51F3B7C4A00DE7F8B /* InstructionsOpening.swift */ = {isa = PBXFileReference; fileEncoding = 4; lastKnownFileType = sourcecode.swift; path = InstructionsOpening.swift; sourceTree = "<group>"; };
		35E5B6D71F3B7D9800DE7F8B /* InstructionsWalls.swift */ = {isa = PBXFileReference; fileEncoding = 4; lastKnownFileType = sourcecode.swift; path = InstructionsWalls.swift; sourceTree = "<group>"; };
		35E5B6D91F3B7FCD00DE7F8B /* mazeSampleWallAnimation.sks */ = {isa = PBXFileReference; lastKnownFileType = file.sks; path = mazeSampleWallAnimation.sks; sourceTree = "<group>"; };
		35E5B6DB1F3B81CE00DE7F8B /* InstructionsMonsters.sks */ = {isa = PBXFileReference; lastKnownFileType = file.sks; path = InstructionsMonsters.sks; sourceTree = "<group>"; };
		35E5B6DD1F3B81E100DE7F8B /* InstructionsMonsters.swift */ = {isa = PBXFileReference; fileEncoding = 4; lastKnownFileType = sourcecode.swift; path = InstructionsMonsters.swift; sourceTree = "<group>"; };
		35E5B6DF1F3B83CB00DE7F8B /* backButton.png */ = {isa = PBXFileReference; lastKnownFileType = image.png; name = backButton.png; path = ../../../../Downloads/backButton.png; sourceTree = "<group>"; };
/* End PBXFileReference section */

/* Begin PBXFrameworksBuildPhase section */
		356858371F200DB6002C995C /* Frameworks */ = {
			isa = PBXFrameworksBuildPhase;
			buildActionMask = 2147483647;
			files = (
			);
			runOnlyForDeploymentPostprocessing = 0;
		};
		356858511F200DB6002C995C /* Frameworks */ = {
			isa = PBXFrameworksBuildPhase;
			buildActionMask = 2147483647;
			files = (
			);
			runOnlyForDeploymentPostprocessing = 0;
		};
		3568585C1F200DB6002C995C /* Frameworks */ = {
			isa = PBXFrameworksBuildPhase;
			buildActionMask = 2147483647;
			files = (
			);
			runOnlyForDeploymentPostprocessing = 0;
		};
/* End PBXFrameworksBuildPhase section */

/* Begin PBXGroup section */
		351467381F3BAA3D0090BA18 /* Instructions */ = {
			isa = PBXGroup;
			children = (
				35E5B6D91F3B7FCD00DE7F8B /* mazeSampleWallAnimation.sks */,
				35E5B6CA1F3AE1AE00DE7F8B /* InstructionsOpening.sks */,
				35E5B6D51F3B7C4A00DE7F8B /* InstructionsOpening.swift */,
				3514672E1F3B921E0090BA18 /* InstructionsWinning.sks */,
				351467301F3B92470090BA18 /* InstructionsWinning.swift */,
				35E5B6D71F3B7D9800DE7F8B /* InstructionsWalls.swift */,
				35E5B6CC1F3AE1C900DE7F8B /* InstructionsWalls.sks */,
				35E5B6DB1F3B81CE00DE7F8B /* InstructionsMonsters.sks */,
				35E5B6DD1F3B81E100DE7F8B /* InstructionsMonsters.swift */,
			);
			name = Instructions;
			sourceTree = "<group>";
		};
		356858311F200DB6002C995C = {
			isa = PBXGroup;
			children = (
				351467411F3BD9D10090BA18 /* LaunchScreen.storyboard */,
				3568583C1F200DB6002C995C /* Path Blocker */,
				356858571F200DB6002C995C /* Path BlockerTests */,
				356858621F200DB6002C995C /* Path BlockerUITests */,
				3568583B1F200DB6002C995C /* Products */,
			);
			sourceTree = "<group>";
		};
		3568583B1F200DB6002C995C /* Products */ = {
			isa = PBXGroup;
			children = (
				3568583A1F200DB6002C995C /* Path Blocker.app */,
				356858541F200DB6002C995C /* Path BlockerTests.xctest */,
				3568585F1F200DB6002C995C /* Path BlockerUITests.xctest */,
			);
			name = Products;
			sourceTree = "<group>";
		};
		3568583C1F200DB6002C995C /* Path Blocker */ = {
			isa = PBXGroup;
			children = (
				351467381F3BAA3D0090BA18 /* Instructions */,
				3568583D1F200DB6002C995C /* AppDelegate.swift */,
				3568583F1F200DB6002C995C /* GameScene.sks */,
				356858431F200DB6002C995C /* GameScene.swift */,
				3521A2BD1F2FEE99009101F8 /* MainMenu.sks */,
				3521A2BF1F2FEEA9009101F8 /* MainMenu.swift */,
				35136AC61F39501D005E0E7D /* PauseMenu.sks */,
				35136AC81F39502D005E0E7D /* PauseMenu.swift */,
				3514673B1F3BBC370090BA18 /* Credits.sks */,
				3514673D1F3BBD200090BA18 /* Credits.swift */,
				351759E81F3393D00019E21A /* MSButtonNode.swift */,
				356858411F200DB6002C995C /* Actions.sks */,
				356858711F200E1E002C995C /* CreateMaze.swift */,
				3578E5131F21178500383B05 /* Monsters.swift */,
				356858731F200F57002C995C /* CreateGrid.swift */,
				356858451F200DB6002C995C /* GameViewController.swift */,
				351759EE1F34FB910019E21A /* beep.wav */,
				35E5B6CE1F3B6B3200DE7F8B /* png files */,
				356858471F200DB6002C995C /* Main.storyboard */,
				3568584A1F200DB6002C995C /* Assets.xcassets */,
				3568584C1F200DB6002C995C /* LaunchScreen.storyboard */,
				3568584F1F200DB6002C995C /* Info.plist */,
			);
			path = "Path Blocker";
			sourceTree = "<group>";
		};
		356858571F200DB6002C995C /* Path BlockerTests */ = {
			isa = PBXGroup;
			children = (
				356858581F200DB6002C995C /* Path_BlockerTests.swift */,
				3568585A1F200DB6002C995C /* Info.plist */,
			);
			path = "Path BlockerTests";
			sourceTree = "<group>";
		};
		356858621F200DB6002C995C /* Path BlockerUITests */ = {
			isa = PBXGroup;
			children = (
				356858631F200DB6002C995C /* Path_BlockerUITests.swift */,
				356858651F200DB6002C995C /* Info.plist */,
			);
			path = "Path BlockerUITests";
			sourceTree = "<group>";
		};
		35E5B6CE1F3B6B3200DE7F8B /* png files */ = {
			isa = PBXGroup;
			children = (
				3514674B1F3BE02D0090BA18 /* AppIconTest4.png */,
				3514673F1F3BC29C0090BA18 /* creditsButton.png */,
				351467391F3BB10A0090BA18 /* arrow.png */,
				351467361F3B990A0090BA18 /* 200px-Green8ABF3C_circle_100%.svg.png */,
				351467321F3B97900090BA18 /* mazeSample2p6.png */,
				356858751F201103002C995C /* mazeWall.png */,
				351759E21F338E7D0019E21A /* restartbutton copy.png */,
				351759E41F338E8C0019E21A /* exitbutton copy.png */,
				351759E61F3392D80019E21A /* playButton.png */,
				351759EA1F33C5E20019E21A /* menuButton.png */,
				351759EC1F33C5EE0019E21A /* pauseButton.png */,
				35E5B6CF1F3B711A00DE7F8B /* nextButton.png */,
				35136ACC1F396970005E0E7D /* continueButton.png */,
				35E5B6D31F3B7B1200DE7F8B /* howToPlayButton.png */,
				35E5B6DF1F3B83CB00DE7F8B /* backButton.png */,
				35136ACE1F3A2A3C005E0E7D /* leftFlag.png */,
				35136AD01F3A2A42005E0E7D /* rightFlag.png */,
				35E5B6C61F3AD93D00DE7F8B /* mazeSample1p1.png */,
				35E5B6C81F3AD94500DE7F8B /* mazeSample1p2.png */,
				351467241F3B88570090BA18 /* mazeSample2P1.png */,
				351467261F3B88610090BA18 /* mazeSample2P2.png */,
				351467281F3B88680090BA18 /* mazeSample2P3.png */,
				3514672A1F3B889B0090BA18 /* mazeSample2P4.png */,
				3514672C1F3B88A20090BA18 /* mazeSample2P5.png */,
			);
			name = "png files";
			sourceTree = "<group>";
		};
/* End PBXGroup section */

/* Begin PBXNativeTarget section */
		356858391F200DB6002C995C /* Path Blocker */ = {
			isa = PBXNativeTarget;
			buildConfigurationList = 356858681F200DB6002C995C /* Build configuration list for PBXNativeTarget "Path Blocker" */;
			buildPhases = (
				356858361F200DB6002C995C /* Sources */,
				356858371F200DB6002C995C /* Frameworks */,
				356858381F200DB6002C995C /* Resources */,
			);
			buildRules = (
			);
			dependencies = (
			);
			name = "Path Blocker";
			productName = "Path Blocker";
			productReference = 3568583A1F200DB6002C995C /* Path Blocker.app */;
			productType = "com.apple.product-type.application";
		};
		356858531F200DB6002C995C /* Path BlockerTests */ = {
			isa = PBXNativeTarget;
			buildConfigurationList = 3568586B1F200DB6002C995C /* Build configuration list for PBXNativeTarget "Path BlockerTests" */;
			buildPhases = (
				356858501F200DB6002C995C /* Sources */,
				356858511F200DB6002C995C /* Frameworks */,
				356858521F200DB6002C995C /* Resources */,
			);
			buildRules = (
			);
			dependencies = (
				356858561F200DB6002C995C /* PBXTargetDependency */,
			);
			name = "Path BlockerTests";
			productName = "Path BlockerTests";
			productReference = 356858541F200DB6002C995C /* Path BlockerTests.xctest */;
			productType = "com.apple.product-type.bundle.unit-test";
		};
		3568585E1F200DB6002C995C /* Path BlockerUITests */ = {
			isa = PBXNativeTarget;
			buildConfigurationList = 3568586E1F200DB6002C995C /* Build configuration list for PBXNativeTarget "Path BlockerUITests" */;
			buildPhases = (
				3568585B1F200DB6002C995C /* Sources */,
				3568585C1F200DB6002C995C /* Frameworks */,
				3568585D1F200DB6002C995C /* Resources */,
			);
			buildRules = (
			);
			dependencies = (
				356858611F200DB6002C995C /* PBXTargetDependency */,
			);
			name = "Path BlockerUITests";
			productName = "Path BlockerUITests";
			productReference = 3568585F1F200DB6002C995C /* Path BlockerUITests.xctest */;
			productType = "com.apple.product-type.bundle.ui-testing";
		};
/* End PBXNativeTarget section */

/* Begin PBXProject section */
		356858321F200DB6002C995C /* Project object */ = {
			isa = PBXProject;
			attributes = {
				LastSwiftUpdateCheck = 0830;
				LastUpgradeCheck = 0830;
				ORGANIZATIONNAME = "Shreya Basireddy";
				TargetAttributes = {
					356858391F200DB6002C995C = {
						CreatedOnToolsVersion = 8.3.3;
						DevelopmentTeam = LQXVA4QKY4;
						ProvisioningStyle = Automatic;
					};
					356858531F200DB6002C995C = {
						CreatedOnToolsVersion = 8.3.3;
						ProvisioningStyle = Automatic;
						TestTargetID = 356858391F200DB6002C995C;
					};
					3568585E1F200DB6002C995C = {
						CreatedOnToolsVersion = 8.3.3;
						ProvisioningStyle = Automatic;
						TestTargetID = 356858391F200DB6002C995C;
					};
				};
			};
			buildConfigurationList = 356858351F200DB6002C995C /* Build configuration list for PBXProject "Path Blocker" */;
			compatibilityVersion = "Xcode 3.2";
			developmentRegion = English;
			hasScannedForEncodings = 0;
			knownRegions = (
				en,
				Base,
			);
			mainGroup = 356858311F200DB6002C995C;
			productRefGroup = 3568583B1F200DB6002C995C /* Products */;
			projectDirPath = "";
			projectRoot = "";
			targets = (
				356858391F200DB6002C995C /* Path Blocker */,
				356858531F200DB6002C995C /* Path BlockerTests */,
				3568585E1F200DB6002C995C /* Path BlockerUITests */,
			);
		};
/* End PBXProject section */

/* Begin PBXResourcesBuildPhase section */
		356858381F200DB6002C995C /* Resources */ = {
			isa = PBXResourcesBuildPhase;
			buildActionMask = 2147483647;
			files = (
				356858761F201103002C995C /* mazeWall.png in Resources */,
				35E5B6DA1F3B7FCD00DE7F8B /* mazeSampleWallAnimation.sks in Resources */,
				351467291F3B88680090BA18 /* mazeSample2P3.png in Resources */,
				356858491F200DB6002C995C /* Main.storyboard in Resources */,
				3514672D1F3B88A20090BA18 /* mazeSample2P5.png in Resources */,
				3514672F1F3B921E0090BA18 /* InstructionsWinning.sks in Resources */,
				351467401F3BC29C0090BA18 /* creditsButton.png in Resources */,
				356858401F200DB6002C995C /* GameScene.sks in Resources */,
				351467371F3B990A0090BA18 /* 200px-Green8ABF3C_circle_100%.svg.png in Resources */,
				351759EB1F33C5E20019E21A /* menuButton.png in Resources */,
				35136ACF1F3A2A3C005E0E7D /* leftFlag.png in Resources */,
				351759E71F3392D80019E21A /* playButton.png in Resources */,
				35E5B6DC1F3B81CE00DE7F8B /* InstructionsMonsters.sks in Resources */,
				35E5B6D01F3B711A00DE7F8B /* nextButton.png in Resources */,
				3568584B1F200DB6002C995C /* Assets.xcassets in Resources */,
				3568584E1F200DB6002C995C /* LaunchScreen.storyboard in Resources */,
				35136ACD1F396970005E0E7D /* continueButton.png in Resources */,
				35E5B6C71F3AD93D00DE7F8B /* mazeSample1p1.png in Resources */,
				351467331F3B97900090BA18 /* mazeSample2p6.png in Resources */,
				351759E31F338E7D0019E21A /* restartbutton copy.png in Resources */,
				3514674C1F3BE02D0090BA18 /* AppIconTest4.png in Resources */,
				351759ED1F33C5EE0019E21A /* pauseButton.png in Resources */,
				35E5B6CD1F3AE1C900DE7F8B /* InstructionsWalls.sks in Resources */,
				35136AD11F3A2A42005E0E7D /* rightFlag.png in Resources */,
				351759EF1F34FB910019E21A /* beep.wav in Resources */,
				35E5B6C91F3AD94500DE7F8B /* mazeSample1p2.png in Resources */,
				35E5B6CB1F3AE1AE00DE7F8B /* InstructionsOpening.sks in Resources */,
				35E5B6D41F3B7B1200DE7F8B /* howToPlayButton.png in Resources */,
				3521A2BE1F2FEE99009101F8 /* MainMenu.sks in Resources */,
				351467251F3B88570090BA18 /* mazeSample2P1.png in Resources */,
				351467271F3B88610090BA18 /* mazeSample2P2.png in Resources */,
				3514672B1F3B889B0090BA18 /* mazeSample2P4.png in Resources */,
				35E5B6E01F3B83CB00DE7F8B /* backButton.png in Resources */,
				3514673C1F3BBC370090BA18 /* Credits.sks in Resources */,
				351467421F3BD9D10090BA18 /* LaunchScreen.storyboard in Resources */,
				3514673A1F3BB10A0090BA18 /* arrow.png in Resources */,
				35136AC71F39501D005E0E7D /* PauseMenu.sks in Resources */,
				351759E51F338E8C0019E21A /* exitbutton copy.png in Resources */,
				356858421F200DB6002C995C /* Actions.sks in Resources */,
			);
			runOnlyForDeploymentPostprocessing = 0;
		};
		356858521F200DB6002C995C /* Resources */ = {
			isa = PBXResourcesBuildPhase;
			buildActionMask = 2147483647;
			files = (
			);
			runOnlyForDeploymentPostprocessing = 0;
		};
		3568585D1F200DB6002C995C /* Resources */ = {
			isa = PBXResourcesBuildPhase;
			buildActionMask = 2147483647;
			files = (
			);
			runOnlyForDeploymentPostprocessing = 0;
		};
/* End PBXResourcesBuildPhase section */

/* Begin PBXSourcesBuildPhase section */
		356858361F200DB6002C995C /* Sources */ = {
			isa = PBXSourcesBuildPhase;
			buildActionMask = 2147483647;
			files = (
				356858741F200F57002C995C /* CreateGrid.swift in Sources */,
				356858721F200E1E002C995C /* CreateMaze.swift in Sources */,
				35E5B6D81F3B7D9800DE7F8B /* InstructionsWalls.swift in Sources */,
				351467311F3B92470090BA18 /* InstructionsWinning.swift in Sources */,
				3521A2C01F2FEEA9009101F8 /* MainMenu.swift in Sources */,
				3578E5141F21178500383B05 /* Monsters.swift in Sources */,
				35E5B6DE1F3B81E100DE7F8B /* InstructionsMonsters.swift in Sources */,
				356858441F200DB6002C995C /* GameScene.swift in Sources */,
				35E5B6D61F3B7C4A00DE7F8B /* InstructionsOpening.swift in Sources */,
				35136AC91F39502D005E0E7D /* PauseMenu.swift in Sources */,
				356858461F200DB6002C995C /* GameViewController.swift in Sources */,
				3568583E1F200DB6002C995C /* AppDelegate.swift in Sources */,
				3514673E1F3BBD200090BA18 /* Credits.swift in Sources */,
				351759E91F3393D00019E21A /* MSButtonNode.swift in Sources */,
			);
			runOnlyForDeploymentPostprocessing = 0;
		};
		356858501F200DB6002C995C /* Sources */ = {
			isa = PBXSourcesBuildPhase;
			buildActionMask = 2147483647;
			files = (
				356858591F200DB6002C995C /* Path_BlockerTests.swift in Sources */,
			);
			runOnlyForDeploymentPostprocessing = 0;
		};
		3568585B1F200DB6002C995C /* Sources */ = {
			isa = PBXSourcesBuildPhase;
			buildActionMask = 2147483647;
			files = (
				356858641F200DB6002C995C /* Path_BlockerUITests.swift in Sources */,
			);
			runOnlyForDeploymentPostprocessing = 0;
		};
/* End PBXSourcesBuildPhase section */

/* Begin PBXTargetDependency section */
		356858561F200DB6002C995C /* PBXTargetDependency */ = {
			isa = PBXTargetDependency;
			target = 356858391F200DB6002C995C /* Path Blocker */;
			targetProxy = 356858551F200DB6002C995C /* PBXContainerItemProxy */;
		};
		356858611F200DB6002C995C /* PBXTargetDependency */ = {
			isa = PBXTargetDependency;
			target = 356858391F200DB6002C995C /* Path Blocker */;
			targetProxy = 356858601F200DB6002C995C /* PBXContainerItemProxy */;
		};
/* End PBXTargetDependency section */

/* Begin PBXVariantGroup section */
		356858471F200DB6002C995C /* Main.storyboard */ = {
			isa = PBXVariantGroup;
			children = (
				356858481F200DB6002C995C /* Base */,
			);
			name = Main.storyboard;
			sourceTree = "<group>";
		};
		3568584C1F200DB6002C995C /* LaunchScreen.storyboard */ = {
			isa = PBXVariantGroup;
			children = (
				3568584D1F200DB6002C995C /* Base */,
			);
			name = LaunchScreen.storyboard;
			sourceTree = "<group>";
		};
/* End PBXVariantGroup section */

/* Begin XCBuildConfiguration section */
		356858661F200DB6002C995C /* Debug */ = {
			isa = XCBuildConfiguration;
			buildSettings = {
				ALWAYS_SEARCH_USER_PATHS = NO;
				CLANG_ANALYZER_NONNULL = YES;
				CLANG_ANALYZER_NUMBER_OBJECT_CONVERSION = YES_AGGRESSIVE;
				CLANG_CXX_LANGUAGE_STANDARD = "gnu++0x";
				CLANG_CXX_LIBRARY = "libc++";
				CLANG_ENABLE_MODULES = YES;
				CLANG_ENABLE_OBJC_ARC = YES;
				CLANG_WARN_BOOL_CONVERSION = YES;
				CLANG_WARN_CONSTANT_CONVERSION = YES;
				CLANG_WARN_DIRECT_OBJC_ISA_USAGE = YES_ERROR;
				CLANG_WARN_DOCUMENTATION_COMMENTS = YES;
				CLANG_WARN_EMPTY_BODY = YES;
				CLANG_WARN_ENUM_CONVERSION = YES;
				CLANG_WARN_INFINITE_RECURSION = YES;
				CLANG_WARN_INT_CONVERSION = YES;
				CLANG_WARN_OBJC_ROOT_CLASS = YES_ERROR;
				CLANG_WARN_SUSPICIOUS_MOVE = YES;
				CLANG_WARN_UNREACHABLE_CODE = YES;
				CLANG_WARN__DUPLICATE_METHOD_MATCH = YES;
				"CODE_SIGN_IDENTITY[sdk=iphoneos*]" = "iPhone Developer";
				COPY_PHASE_STRIP = NO;
				DEBUG_INFORMATION_FORMAT = dwarf;
				ENABLE_STRICT_OBJC_MSGSEND = YES;
				ENABLE_TESTABILITY = YES;
				GCC_C_LANGUAGE_STANDARD = gnu99;
				GCC_DYNAMIC_NO_PIC = NO;
				GCC_NO_COMMON_BLOCKS = YES;
				GCC_OPTIMIZATION_LEVEL = 0;
				GCC_PREPROCESSOR_DEFINITIONS = (
					"DEBUG=1",
					"$(inherited)",
				);
				GCC_WARN_64_TO_32_BIT_CONVERSION = YES;
				GCC_WARN_ABOUT_RETURN_TYPE = YES_ERROR;
				GCC_WARN_UNDECLARED_SELECTOR = YES;
				GCC_WARN_UNINITIALIZED_AUTOS = YES_AGGRESSIVE;
				GCC_WARN_UNUSED_FUNCTION = YES;
				GCC_WARN_UNUSED_VARIABLE = YES;
				IPHONEOS_DEPLOYMENT_TARGET = 10.3;
				MTL_ENABLE_DEBUG_INFO = YES;
				ONLY_ACTIVE_ARCH = YES;
				SDKROOT = iphoneos;
				SWIFT_ACTIVE_COMPILATION_CONDITIONS = DEBUG;
				SWIFT_OPTIMIZATION_LEVEL = "-Onone";
				TARGETED_DEVICE_FAMILY = "1,2";
			};
			name = Debug;
		};
		356858671F200DB6002C995C /* Release */ = {
			isa = XCBuildConfiguration;
			buildSettings = {
				ALWAYS_SEARCH_USER_PATHS = NO;
				CLANG_ANALYZER_NONNULL = YES;
				CLANG_ANALYZER_NUMBER_OBJECT_CONVERSION = YES_AGGRESSIVE;
				CLANG_CXX_LANGUAGE_STANDARD = "gnu++0x";
				CLANG_CXX_LIBRARY = "libc++";
				CLANG_ENABLE_MODULES = YES;
				CLANG_ENABLE_OBJC_ARC = YES;
				CLANG_WARN_BOOL_CONVERSION = YES;
				CLANG_WARN_CONSTANT_CONVERSION = YES;
				CLANG_WARN_DIRECT_OBJC_ISA_USAGE = YES_ERROR;
				CLANG_WARN_DOCUMENTATION_COMMENTS = YES;
				CLANG_WARN_EMPTY_BODY = YES;
				CLANG_WARN_ENUM_CONVERSION = YES;
				CLANG_WARN_INFINITE_RECURSION = YES;
				CLANG_WARN_INT_CONVERSION = YES;
				CLANG_WARN_OBJC_ROOT_CLASS = YES_ERROR;
				CLANG_WARN_SUSPICIOUS_MOVE = YES;
				CLANG_WARN_UNREACHABLE_CODE = YES;
				CLANG_WARN__DUPLICATE_METHOD_MATCH = YES;
				"CODE_SIGN_IDENTITY[sdk=iphoneos*]" = "iPhone Developer";
				COPY_PHASE_STRIP = NO;
				DEBUG_INFORMATION_FORMAT = "dwarf-with-dsym";
				ENABLE_NS_ASSERTIONS = NO;
				ENABLE_STRICT_OBJC_MSGSEND = YES;
				GCC_C_LANGUAGE_STANDARD = gnu99;
				GCC_NO_COMMON_BLOCKS = YES;
				GCC_WARN_64_TO_32_BIT_CONVERSION = YES;
				GCC_WARN_ABOUT_RETURN_TYPE = YES_ERROR;
				GCC_WARN_UNDECLARED_SELECTOR = YES;
				GCC_WARN_UNINITIALIZED_AUTOS = YES_AGGRESSIVE;
				GCC_WARN_UNUSED_FUNCTION = YES;
				GCC_WARN_UNUSED_VARIABLE = YES;
				IPHONEOS_DEPLOYMENT_TARGET = 10.3;
				MTL_ENABLE_DEBUG_INFO = NO;
				SDKROOT = iphoneos;
				SWIFT_OPTIMIZATION_LEVEL = "-Owholemodule";
				TARGETED_DEVICE_FAMILY = "1,2";
				VALIDATE_PRODUCT = YES;
			};
			name = Release;
		};
		356858691F200DB6002C995C /* Debug */ = {
			isa = XCBuildConfiguration;
			buildSettings = {
				ASSETCATALOG_COMPILER_APPICON_NAME = AppIcon;
				"CODE_SIGN_IDENTITY[sdk=iphoneos*]" = "iPhone Developer";
				DEVELOPMENT_TEAM = LQXVA4QKY4;
				INFOPLIST_FILE = "Path Blocker/Info.plist";
				IPHONEOS_DEPLOYMENT_TARGET = 10.2.1;
				LD_RUNPATH_SEARCH_PATHS = "$(inherited) @executable_path/Frameworks";
				PRODUCT_BUNDLE_IDENTIFIER = com.shamiahuja.pathblocker;
				PRODUCT_NAME = "$(TARGET_NAME)";
				PROVISIONING_PROFILE_SPECIFIER = "";
				SWIFT_VERSION = 3.0;
				TARGETED_DEVICE_FAMILY = 1;
			};
			name = Debug;
		};
		3568586A1F200DB6002C995C /* Release */ = {
			isa = XCBuildConfiguration;
			buildSettings = {
				ASSETCATALOG_COMPILER_APPICON_NAME = AppIcon;
				"CODE_SIGN_IDENTITY[sdk=iphoneos*]" = "iPhone Developer";
				DEVELOPMENT_TEAM = LQXVA4QKY4;
				INFOPLIST_FILE = "Path Blocker/Info.plist";
				IPHONEOS_DEPLOYMENT_TARGET = 10.2.1;
				LD_RUNPATH_SEARCH_PATHS = "$(inherited) @executable_path/Frameworks";
				PRODUCT_BUNDLE_IDENTIFIER = com.shamiahuja.pathblocker;
				PRODUCT_NAME = "$(TARGET_NAME)";
				PROVISIONING_PROFILE_SPECIFIER = "";
				SWIFT_VERSION = 3.0;
				TARGETED_DEVICE_FAMILY = 1;
			};
			name = Release;
		};
		3568586C1F200DB6002C995C /* Debug */ = {
			isa = XCBuildConfiguration;
			buildSettings = {
				ALWAYS_EMBED_SWIFT_STANDARD_LIBRARIES = YES;
				BUNDLE_LOADER = "$(TEST_HOST)";
				INFOPLIST_FILE = "Path BlockerTests/Info.plist";
				LD_RUNPATH_SEARCH_PATHS = "$(inherited) @executable_path/Frameworks @loader_path/Frameworks";
				PRODUCT_BUNDLE_IDENTIFIER = "shreya.Path-BlockerTests";
				PRODUCT_NAME = "$(TARGET_NAME)";
				SWIFT_VERSION = 3.0;
				TEST_HOST = "$(BUILT_PRODUCTS_DIR)/Path Blocker.app/Path Blocker";
			};
			name = Debug;
		};
		3568586D1F200DB6002C995C /* Release */ = {
			isa = XCBuildConfiguration;
			buildSettings = {
				ALWAYS_EMBED_SWIFT_STANDARD_LIBRARIES = YES;
				BUNDLE_LOADER = "$(TEST_HOST)";
				INFOPLIST_FILE = "Path BlockerTests/Info.plist";
				LD_RUNPATH_SEARCH_PATHS = "$(inherited) @executable_path/Frameworks @loader_path/Frameworks";
				PRODUCT_BUNDLE_IDENTIFIER = "shreya.Path-BlockerTests";
				PRODUCT_NAME = "$(TARGET_NAME)";
				SWIFT_VERSION = 3.0;
				TEST_HOST = "$(BUILT_PRODUCTS_DIR)/Path Blocker.app/Path Blocker";
			};
			name = Release;
		};
		3568586F1F200DB6002C995C /* Debug */ = {
			isa = XCBuildConfiguration;
			buildSettings = {
				ALWAYS_EMBED_SWIFT_STANDARD_LIBRARIES = YES;
				INFOPLIST_FILE = "Path BlockerUITests/Info.plist";
				LD_RUNPATH_SEARCH_PATHS = "$(inherited) @executable_path/Frameworks @loader_path/Frameworks";
				PRODUCT_BUNDLE_IDENTIFIER = "shreya.Path-BlockerUITests";
				PRODUCT_NAME = "$(TARGET_NAME)";
				SWIFT_VERSION = 3.0;
				TEST_TARGET_NAME = "Path Blocker";
			};
			name = Debug;
		};
		356858701F200DB6002C995C /* Release */ = {
			isa = XCBuildConfiguration;
			buildSettings = {
				ALWAYS_EMBED_SWIFT_STANDARD_LIBRARIES = YES;
				INFOPLIST_FILE = "Path BlockerUITests/Info.plist";
				LD_RUNPATH_SEARCH_PATHS = "$(inherited) @executable_path/Frameworks @loader_path/Frameworks";
				PRODUCT_BUNDLE_IDENTIFIER = "shreya.Path-BlockerUITests";
				PRODUCT_NAME = "$(TARGET_NAME)";
				SWIFT_VERSION = 3.0;
				TEST_TARGET_NAME = "Path Blocker";
			};
			name = Release;
		};
/* End XCBuildConfiguration section */

/* Begin XCConfigurationList section */
		356858351F200DB6002C995C /* Build configuration list for PBXProject "Path Blocker" */ = {
			isa = XCConfigurationList;
			buildConfigurations = (
				356858661F200DB6002C995C /* Debug */,
				356858671F200DB6002C995C /* Release */,
			);
			defaultConfigurationIsVisible = 0;
			defaultConfigurationName = Release;
		};
		356858681F200DB6002C995C /* Build configuration list for PBXNativeTarget "Path Blocker" */ = {
			isa = XCConfigurationList;
			buildConfigurations = (
				356858691F200DB6002C995C /* Debug */,
				3568586A1F200DB6002C995C /* Release */,
			);
			defaultConfigurationIsVisible = 0;
			defaultConfigurationName = Release;
		};
		3568586B1F200DB6002C995C /* Build configuration list for PBXNativeTarget "Path BlockerTests" */ = {
			isa = XCConfigurationList;
			buildConfigurations = (
				3568586C1F200DB6002C995C /* Debug */,
				3568586D1F200DB6002C995C /* Release */,
			);
			defaultConfigurationIsVisible = 0;
			defaultConfigurationName = Release;
		};
		3568586E1F200DB6002C995C /* Build configuration list for PBXNativeTarget "Path BlockerUITests" */ = {
			isa = XCConfigurationList;
			buildConfigurations = (
				3568586F1F200DB6002C995C /* Debug */,
				356858701F200DB6002C995C /* Release */,
			);
			defaultConfigurationIsVisible = 0;
			defaultConfigurationName = Release;
		};
/* End XCConfigurationList section */
	};
	rootObject = 356858321F200DB6002C995C /* Project object */;
}
